// !$*UTF8*$!
{
	archiveVersion = 1;
	classes = {
	};
	objectVersion = 56;
	objects = {

/* Begin PBXBuildFile section */
		924C4FD62B7B335300E80A43 /* DetailedImageView.swift in Sources */ = {isa = PBXBuildFile; fileRef = 924C4FD52B7B335300E80A43 /* DetailedImageView.swift */; };
		924C4FD92B7B342300E80A43 /* DetailedInstructionView.swift in Sources */ = {isa = PBXBuildFile; fileRef = 924C4FD82B7B342300E80A43 /* DetailedInstructionView.swift */; };
		924C4FDC2B7B34C800E80A43 /* IngredientsView.swift in Sources */ = {isa = PBXBuildFile; fileRef = 924C4FDB2B7B34C800E80A43 /* IngredientsView.swift */; };
		924C4FDE2B7BE6CD00E80A43 /* DessertsListViewUITest.swift in Sources */ = {isa = PBXBuildFile; fileRef = 924C4FDD2B7BE6CD00E80A43 /* DessertsListViewUITest.swift */; };
		924C4FE02B7BEEB000E80A43 /* DessertDetailView.swift in Sources */ = {isa = PBXBuildFile; fileRef = 924C4FDF2B7BEEB000E80A43 /* DessertDetailView.swift */; };
		9291879C2B7A637100C2DC5A /* DessertsApp.swift in Sources */ = {isa = PBXBuildFile; fileRef = 9291879B2B7A637100C2DC5A /* DessertsApp.swift */; };
		9291879E2B7A637100C2DC5A /* DessertsListView.swift in Sources */ = {isa = PBXBuildFile; fileRef = 9291879D2B7A637100C2DC5A /* DessertsListView.swift */; };
		929187A02B7A637200C2DC5A /* Assets.xcassets in Resources */ = {isa = PBXBuildFile; fileRef = 9291879F2B7A637200C2DC5A /* Assets.xcassets */; };
		929187A32B7A637200C2DC5A /* Preview Assets.xcassets in Resources */ = {isa = PBXBuildFile; fileRef = 929187A22B7A637200C2DC5A /* Preview Assets.xcassets */; };
		929187AD2B7A637200C2DC5A /* DessertsTests.swift in Sources */ = {isa = PBXBuildFile; fileRef = 929187AC2B7A637200C2DC5A /* DessertsTests.swift */; };
		929187B72B7A637300C2DC5A /* DessertsUITests.swift in Sources */ = {isa = PBXBuildFile; fileRef = 929187B62B7A637300C2DC5A /* DessertsUITests.swift */; };
		929187B92B7A637300C2DC5A /* DessertsUITestsLaunchTests.swift in Sources */ = {isa = PBXBuildFile; fileRef = 929187B82B7A637300C2DC5A /* DessertsUITestsLaunchTests.swift */; };
		929187CA2B7A649600C2DC5A /* DessertsListViewModel.swift in Sources */ = {isa = PBXBuildFile; fileRef = 929187C92B7A649600C2DC5A /* DessertsListViewModel.swift */; };
		929187CC2B7A64F900C2DC5A /* Dessert.swift in Sources */ = {isa = PBXBuildFile; fileRef = 929187CB2B7A64F900C2DC5A /* Dessert.swift */; };
		929187CE2B7A670800C2DC5A /* DessertTitleView.swift in Sources */ = {isa = PBXBuildFile; fileRef = 929187CD2B7A670800C2DC5A /* DessertTitleView.swift */; };
		929187D12B7A68F200C2DC5A /* DessertDetailView.swift in Sources */ = {isa = PBXBuildFile; fileRef = 929187D02B7A68F200C2DC5A /* DessertDetailView.swift */; };
		929187D42B7A76B400C2DC5A /* NetworkManager.swift in Sources */ = {isa = PBXBuildFile; fileRef = 929187D32B7A76B400C2DC5A /* NetworkManager.swift */; };
		929187D72B7A78D600C2DC5A /* DessertErrors.swift in Sources */ = {isa = PBXBuildFile; fileRef = 929187D62B7A78D600C2DC5A /* DessertErrors.swift */; };
		929187DA2B7A926400C2DC5A /* Alerts.swift in Sources */ = {isa = PBXBuildFile; fileRef = 929187D92B7A926400C2DC5A /* Alerts.swift */; };
		929187DD2B7A9AFB00C2DC5A /* LoadingView.swift in Sources */ = {isa = PBXBuildFile; fileRef = 929187DC2B7A9AFB00C2DC5A /* LoadingView.swift */; };
		929187E22B7AB84E00C2DC5A /* DessertDetailViewModel.swift in Sources */ = {isa = PBXBuildFile; fileRef = 929187E12B7AB84E00C2DC5A /* DessertDetailViewModel.swift */; };
		929187E42B7AB8F600C2DC5A /* DessertDetails.swift in Sources */ = {isa = PBXBuildFile; fileRef = 929187E32B7AB8F600C2DC5A /* DessertDetails.swift */; };
		929187E72B7B1CE000C2DC5A /* ButtonView.swift in Sources */ = {isa = PBXBuildFile; fileRef = 929187E62B7B1CE000C2DC5A /* ButtonView.swift */; };
		929187EA2B7B25D700C2DC5A /* SafariView.swift in Sources */ = {isa = PBXBuildFile; fileRef = 929187E92B7B25D700C2DC5A /* SafariView.swift */; };
/* End PBXBuildFile section */

/* Begin PBXContainerItemProxy section */
		929187A92B7A637200C2DC5A /* PBXContainerItemProxy */ = {
			isa = PBXContainerItemProxy;
			containerPortal = 929187902B7A637100C2DC5A /* Project object */;
			proxyType = 1;
			remoteGlobalIDString = 929187972B7A637100C2DC5A;
			remoteInfo = Desserts;
		};
		929187B32B7A637300C2DC5A /* PBXContainerItemProxy */ = {
			isa = PBXContainerItemProxy;
			containerPortal = 929187902B7A637100C2DC5A /* Project object */;
			proxyType = 1;
			remoteGlobalIDString = 929187972B7A637100C2DC5A;
			remoteInfo = Desserts;
		};
/* End PBXContainerItemProxy section */

/* Begin PBXFileReference section */
		924C4FD52B7B335300E80A43 /* DetailedImageView.swift */ = {isa = PBXFileReference; lastKnownFileType = sourcecode.swift; path = DetailedImageView.swift; sourceTree = "<group>"; };
		924C4FD82B7B342300E80A43 /* DetailedInstructionView.swift */ = {isa = PBXFileReference; lastKnownFileType = sourcecode.swift; path = DetailedInstructionView.swift; sourceTree = "<group>"; };
		924C4FDB2B7B34C800E80A43 /* IngredientsView.swift */ = {isa = PBXFileReference; lastKnownFileType = sourcecode.swift; path = IngredientsView.swift; sourceTree = "<group>"; };
		924C4FDD2B7BE6CD00E80A43 /* DessertsListViewUITest.swift */ = {isa = PBXFileReference; lastKnownFileType = sourcecode.swift; path = DessertsListViewUITest.swift; sourceTree = "<group>"; };
		924C4FDF2B7BEEB000E80A43 /* DessertDetailView.swift */ = {isa = PBXFileReference; lastKnownFileType = sourcecode.swift; path = DessertDetailView.swift; sourceTree = "<group>"; };
		929187982B7A637100C2DC5A /* Desserts.app */ = {isa = PBXFileReference; explicitFileType = wrapper.application; includeInIndex = 0; path = Desserts.app; sourceTree = BUILT_PRODUCTS_DIR; };
		9291879B2B7A637100C2DC5A /* DessertsApp.swift */ = {isa = PBXFileReference; lastKnownFileType = sourcecode.swift; path = DessertsApp.swift; sourceTree = "<group>"; };
		9291879D2B7A637100C2DC5A /* DessertsListView.swift */ = {isa = PBXFileReference; lastKnownFileType = sourcecode.swift; path = DessertsListView.swift; sourceTree = "<group>"; };
		9291879F2B7A637200C2DC5A /* Assets.xcassets */ = {isa = PBXFileReference; lastKnownFileType = folder.assetcatalog; path = Assets.xcassets; sourceTree = "<group>"; };
		929187A22B7A637200C2DC5A /* Preview Assets.xcassets */ = {isa = PBXFileReference; lastKnownFileType = folder.assetcatalog; path = "Preview Assets.xcassets"; sourceTree = "<group>"; };
		929187A82B7A637200C2DC5A /* DessertsTests.xctest */ = {isa = PBXFileReference; explicitFileType = wrapper.cfbundle; includeInIndex = 0; path = DessertsTests.xctest; sourceTree = BUILT_PRODUCTS_DIR; };
		929187AC2B7A637200C2DC5A /* DessertsTests.swift */ = {isa = PBXFileReference; lastKnownFileType = sourcecode.swift; path = DessertsTests.swift; sourceTree = "<group>"; };
		929187B22B7A637300C2DC5A /* DessertsUITests.xctest */ = {isa = PBXFileReference; explicitFileType = wrapper.cfbundle; includeInIndex = 0; path = DessertsUITests.xctest; sourceTree = BUILT_PRODUCTS_DIR; };
		929187B62B7A637300C2DC5A /* DessertsUITests.swift */ = {isa = PBXFileReference; lastKnownFileType = sourcecode.swift; path = DessertsUITests.swift; sourceTree = "<group>"; };
		929187B82B7A637300C2DC5A /* DessertsUITestsLaunchTests.swift */ = {isa = PBXFileReference; lastKnownFileType = sourcecode.swift; path = DessertsUITestsLaunchTests.swift; sourceTree = "<group>"; };
		929187C92B7A649600C2DC5A /* DessertsListViewModel.swift */ = {isa = PBXFileReference; lastKnownFileType = sourcecode.swift; path = DessertsListViewModel.swift; sourceTree = "<group>"; };
		929187CB2B7A64F900C2DC5A /* Dessert.swift */ = {isa = PBXFileReference; lastKnownFileType = sourcecode.swift; path = Dessert.swift; sourceTree = "<group>"; };
		929187CD2B7A670800C2DC5A /* DessertTitleView.swift */ = {isa = PBXFileReference; lastKnownFileType = sourcecode.swift; path = DessertTitleView.swift; sourceTree = "<group>"; };
		929187D02B7A68F200C2DC5A /* DessertDetailView.swift */ = {isa = PBXFileReference; lastKnownFileType = sourcecode.swift; path = DessertDetailView.swift; sourceTree = "<group>"; };
		929187D32B7A76B400C2DC5A /* NetworkManager.swift */ = {isa = PBXFileReference; lastKnownFileType = sourcecode.swift; path = NetworkManager.swift; sourceTree = "<group>"; };
		929187D62B7A78D600C2DC5A /* DessertErrors.swift */ = {isa = PBXFileReference; lastKnownFileType = sourcecode.swift; path = DessertErrors.swift; sourceTree = "<group>"; };
		929187D92B7A926400C2DC5A /* Alerts.swift */ = {isa = PBXFileReference; lastKnownFileType = sourcecode.swift; path = Alerts.swift; sourceTree = "<group>"; };
		929187DC2B7A9AFB00C2DC5A /* LoadingView.swift */ = {isa = PBXFileReference; lastKnownFileType = sourcecode.swift; path = LoadingView.swift; sourceTree = "<group>"; };
		929187E12B7AB84E00C2DC5A /* DessertDetailViewModel.swift */ = {isa = PBXFileReference; lastKnownFileType = sourcecode.swift; path = DessertDetailViewModel.swift; sourceTree = "<group>"; };
		929187E32B7AB8F600C2DC5A /* DessertDetails.swift */ = {isa = PBXFileReference; lastKnownFileType = sourcecode.swift; path = DessertDetails.swift; sourceTree = "<group>"; };
		929187E62B7B1CE000C2DC5A /* ButtonView.swift */ = {isa = PBXFileReference; lastKnownFileType = sourcecode.swift; path = ButtonView.swift; sourceTree = "<group>"; };
		929187E92B7B25D700C2DC5A /* SafariView.swift */ = {isa = PBXFileReference; lastKnownFileType = sourcecode.swift; path = SafariView.swift; sourceTree = "<group>"; };
/* End PBXFileReference section */

/* Begin PBXFrameworksBuildPhase section */
		929187952B7A637100C2DC5A /* Frameworks */ = {
			isa = PBXFrameworksBuildPhase;
			buildActionMask = 2147483647;
			files = (
			);
			runOnlyForDeploymentPostprocessing = 0;
		};
		929187A52B7A637200C2DC5A /* Frameworks */ = {
			isa = PBXFrameworksBuildPhase;
			buildActionMask = 2147483647;
			files = (
			);
			runOnlyForDeploymentPostprocessing = 0;
		};
		929187AF2B7A637300C2DC5A /* Frameworks */ = {
			isa = PBXFrameworksBuildPhase;
			buildActionMask = 2147483647;
			files = (
			);
			runOnlyForDeploymentPostprocessing = 0;
		};
/* End PBXFrameworksBuildPhase section */

/* Begin PBXGroup section */
		9291878F2B7A637100C2DC5A = {
			isa = PBXGroup;
			children = (
				9291879A2B7A637100C2DC5A /* Desserts */,
				929187AB2B7A637200C2DC5A /* DessertsTests */,
				929187B52B7A637300C2DC5A /* DessertsUITests */,
				929187992B7A637100C2DC5A /* Products */,
			);
			sourceTree = "<group>";
		};
		929187992B7A637100C2DC5A /* Products */ = {
			isa = PBXGroup;
			children = (
				929187982B7A637100C2DC5A /* Desserts.app */,
				929187A82B7A637200C2DC5A /* DessertsTests.xctest */,
				929187B22B7A637300C2DC5A /* DessertsUITests.xctest */,
			);
			name = Products;
			sourceTree = "<group>";
		};
		9291879A2B7A637100C2DC5A /* Desserts */ = {
			isa = PBXGroup;
			children = (
				929187E82B7B25BF00C2DC5A /* UIKitComponents */,
				929187E02B7AB66300C2DC5A /* Utilities */,
				929187C82B7A641F00C2DC5A /* Views */,
				929187C72B7A641A00C2DC5A /* Screens */,
				929187C62B7A641400C2DC5A /* Model */,
				9291879B2B7A637100C2DC5A /* DessertsApp.swift */,
				9291879F2B7A637200C2DC5A /* Assets.xcassets */,
				929187A12B7A637200C2DC5A /* Preview Content */,
			);
			path = Desserts;
			sourceTree = "<group>";
		};
		929187A12B7A637200C2DC5A /* Preview Content */ = {
			isa = PBXGroup;
			children = (
				929187A22B7A637200C2DC5A /* Preview Assets.xcassets */,
			);
			path = "Preview Content";
			sourceTree = "<group>";
		};
		929187AB2B7A637200C2DC5A /* DessertsTests */ = {
			isa = PBXGroup;
			children = (
				929187AC2B7A637200C2DC5A /* DessertsTests.swift */,
			);
			path = DessertsTests;
			sourceTree = "<group>";
		};
		929187B52B7A637300C2DC5A /* DessertsUITests */ = {
			isa = PBXGroup;
			children = (
				929187B62B7A637300C2DC5A /* DessertsUITests.swift */,
				929187B82B7A637300C2DC5A /* DessertsUITestsLaunchTests.swift */,
				924C4FDD2B7BE6CD00E80A43 /* DessertsListViewUITest.swift */,
				924C4FDF2B7BEEB000E80A43 /* DessertDetailView.swift */,
			);
			path = DessertsUITests;
			sourceTree = "<group>";
		};
		929187C52B7A63F200C2DC5A /* DessertDetailView */ = {
			isa = PBXGroup;
			children = (
				929187D02B7A68F200C2DC5A /* DessertDetailView.swift */,
				929187E12B7AB84E00C2DC5A /* DessertDetailViewModel.swift */,
			);
			path = DessertDetailView;
			sourceTree = "<group>";
		};
		929187C62B7A641400C2DC5A /* Model */ = {
			isa = PBXGroup;
			children = (
				929187CB2B7A64F900C2DC5A /* Dessert.swift */,
				929187E32B7AB8F600C2DC5A /* DessertDetails.swift */,
			);
			path = Model;
			sourceTree = "<group>";
		};
		929187C72B7A641A00C2DC5A /* Screens */ = {
			isa = PBXGroup;
			children = (
				929187C52B7A63F200C2DC5A /* DessertDetailView */,
				929187CF2B7A68A700C2DC5A /* DessertListView */,
			);
			path = Screens;
			sourceTree = "<group>";
		};
		929187C82B7A641F00C2DC5A /* Views */ = {
			isa = PBXGroup;
			children = (
				924C4FDB2B7B34C800E80A43 /* IngredientsView.swift */,
				924C4FD82B7B342300E80A43 /* DetailedInstructionView.swift */,
				929187DC2B7A9AFB00C2DC5A /* LoadingView.swift */,
				924C4FD52B7B335300E80A43 /* DetailedImageView.swift */,
				929187CD2B7A670800C2DC5A /* DessertTitleView.swift */,
				929187E52B7B1CBC00C2DC5A /* ButtonViews */,
			);
			path = Views;
			sourceTree = "<group>";
		};
		929187CF2B7A68A700C2DC5A /* DessertListView */ = {
			isa = PBXGroup;
			children = (
				929187C92B7A649600C2DC5A /* DessertsListViewModel.swift */,
				9291879D2B7A637100C2DC5A /* DessertsListView.swift */,
			);
			path = DessertListView;
			sourceTree = "<group>";
		};
		929187D22B7A76A700C2DC5A /* Managers */ = {
			isa = PBXGroup;
			children = (
				929187D32B7A76B400C2DC5A /* NetworkManager.swift */,
			);
			path = Managers;
			sourceTree = "<group>";
		};
		929187D52B7A78C400C2DC5A /* Errors */ = {
			isa = PBXGroup;
			children = (
				929187D62B7A78D600C2DC5A /* DessertErrors.swift */,
			);
			path = Errors;
			sourceTree = "<group>";
		};
		929187E02B7AB66300C2DC5A /* Utilities */ = {
			isa = PBXGroup;
			children = (
				929187D92B7A926400C2DC5A /* Alerts.swift */,
				929187D52B7A78C400C2DC5A /* Errors */,
				929187D22B7A76A700C2DC5A /* Managers */,
			);
			path = Utilities;
			sourceTree = "<group>";
		};
		929187E52B7B1CBC00C2DC5A /* ButtonViews */ = {
			isa = PBXGroup;
			children = (
				929187E62B7B1CE000C2DC5A /* ButtonView.swift */,
			);
			path = ButtonViews;
			sourceTree = "<group>";
		};
		929187E82B7B25BF00C2DC5A /* UIKitComponents */ = {
			isa = PBXGroup;
			children = (
				929187E92B7B25D700C2DC5A /* SafariView.swift */,
			);
			path = UIKitComponents;
			sourceTree = "<group>";
		};
/* End PBXGroup section */

/* Begin PBXNativeTarget section */
		929187972B7A637100C2DC5A /* Desserts */ = {
			isa = PBXNativeTarget;
			buildConfigurationList = 929187BC2B7A637300C2DC5A /* Build configuration list for PBXNativeTarget "Desserts" */;
			buildPhases = (
				929187942B7A637100C2DC5A /* Sources */,
				929187952B7A637100C2DC5A /* Frameworks */,
				929187962B7A637100C2DC5A /* Resources */,
			);
			buildRules = (
			);
			dependencies = (
			);
			name = Desserts;
			productName = Desserts;
			productReference = 929187982B7A637100C2DC5A /* Desserts.app */;
			productType = "com.apple.product-type.application";
		};
		929187A72B7A637200C2DC5A /* DessertsTests */ = {
			isa = PBXNativeTarget;
			buildConfigurationList = 929187BF2B7A637300C2DC5A /* Build configuration list for PBXNativeTarget "DessertsTests" */;
			buildPhases = (
				929187A42B7A637200C2DC5A /* Sources */,
				929187A52B7A637200C2DC5A /* Frameworks */,
				929187A62B7A637200C2DC5A /* Resources */,
			);
			buildRules = (
			);
			dependencies = (
				929187AA2B7A637200C2DC5A /* PBXTargetDependency */,
			);
			name = DessertsTests;
			productName = DessertsTests;
			productReference = 929187A82B7A637200C2DC5A /* DessertsTests.xctest */;
			productType = "com.apple.product-type.bundle.unit-test";
		};
		929187B12B7A637300C2DC5A /* DessertsUITests */ = {
			isa = PBXNativeTarget;
			buildConfigurationList = 929187C22B7A637300C2DC5A /* Build configuration list for PBXNativeTarget "DessertsUITests" */;
			buildPhases = (
				929187AE2B7A637300C2DC5A /* Sources */,
				929187AF2B7A637300C2DC5A /* Frameworks */,
				929187B02B7A637300C2DC5A /* Resources */,
			);
			buildRules = (
			);
			dependencies = (
				929187B42B7A637300C2DC5A /* PBXTargetDependency */,
			);
			name = DessertsUITests;
			productName = DessertsUITests;
			productReference = 929187B22B7A637300C2DC5A /* DessertsUITests.xctest */;
			productType = "com.apple.product-type.bundle.ui-testing";
		};
/* End PBXNativeTarget section */

/* Begin PBXProject section */
		929187902B7A637100C2DC5A /* Project object */ = {
			isa = PBXProject;
			attributes = {
				BuildIndependentTargetsInParallel = 1;
				LastSwiftUpdateCheck = 1520;
				LastUpgradeCheck = 1520;
				TargetAttributes = {
					929187972B7A637100C2DC5A = {
						CreatedOnToolsVersion = 15.2;
					};
					929187A72B7A637200C2DC5A = {
						CreatedOnToolsVersion = 15.2;
						TestTargetID = 929187972B7A637100C2DC5A;
					};
					929187B12B7A637300C2DC5A = {
						CreatedOnToolsVersion = 15.2;
						TestTargetID = 929187972B7A637100C2DC5A;
					};
				};
			};
			buildConfigurationList = 929187932B7A637100C2DC5A /* Build configuration list for PBXProject "Desserts" */;
			compatibilityVersion = "Xcode 14.0";
			developmentRegion = en;
			hasScannedForEncodings = 0;
			knownRegions = (
				en,
				Base,
			);
			mainGroup = 9291878F2B7A637100C2DC5A;
			productRefGroup = 929187992B7A637100C2DC5A /* Products */;
			projectDirPath = "";
			projectRoot = "";
			targets = (
				929187972B7A637100C2DC5A /* Desserts */,
				929187A72B7A637200C2DC5A /* DessertsTests */,
				929187B12B7A637300C2DC5A /* DessertsUITests */,
			);
		};
/* End PBXProject section */

/* Begin PBXResourcesBuildPhase section */
		929187962B7A637100C2DC5A /* Resources */ = {
			isa = PBXResourcesBuildPhase;
			buildActionMask = 2147483647;
			files = (
				929187A32B7A637200C2DC5A /* Preview Assets.xcassets in Resources */,
				929187A02B7A637200C2DC5A /* Assets.xcassets in Resources */,
			);
			runOnlyForDeploymentPostprocessing = 0;
		};
		929187A62B7A637200C2DC5A /* Resources */ = {
			isa = PBXResourcesBuildPhase;
			buildActionMask = 2147483647;
			files = (
			);
			runOnlyForDeploymentPostprocessing = 0;
		};
		929187B02B7A637300C2DC5A /* Resources */ = {
			isa = PBXResourcesBuildPhase;
			buildActionMask = 2147483647;
			files = (
			);
			runOnlyForDeploymentPostprocessing = 0;
		};
/* End PBXResourcesBuildPhase section */

/* Begin PBXSourcesBuildPhase section */
		929187942B7A637100C2DC5A /* Sources */ = {
			isa = PBXSourcesBuildPhase;
			buildActionMask = 2147483647;
			files = (
				9291879E2B7A637100C2DC5A /* DessertsListView.swift in Sources */,
				924C4FD92B7B342300E80A43 /* DetailedInstructionView.swift in Sources */,
				929187E22B7AB84E00C2DC5A /* DessertDetailViewModel.swift in Sources */,
				929187CE2B7A670800C2DC5A /* DessertTitleView.swift in Sources */,
				924C4FDC2B7B34C800E80A43 /* IngredientsView.swift in Sources */,
				929187E42B7AB8F600C2DC5A /* DessertDetails.swift in Sources */,
				929187D12B7A68F200C2DC5A /* DessertDetailView.swift in Sources */,
				929187DD2B7A9AFB00C2DC5A /* LoadingView.swift in Sources */,
				929187EA2B7B25D700C2DC5A /* SafariView.swift in Sources */,
				929187D42B7A76B400C2DC5A /* NetworkManager.swift in Sources */,
				929187CA2B7A649600C2DC5A /* DessertsListViewModel.swift in Sources */,
				929187D72B7A78D600C2DC5A /* DessertErrors.swift in Sources */,
				929187E72B7B1CE000C2DC5A /* ButtonView.swift in Sources */,
				929187CC2B7A64F900C2DC5A /* Dessert.swift in Sources */,
				929187DA2B7A926400C2DC5A /* Alerts.swift in Sources */,
				9291879C2B7A637100C2DC5A /* DessertsApp.swift in Sources */,
				924C4FD62B7B335300E80A43 /* DetailedImageView.swift in Sources */,
			);
			runOnlyForDeploymentPostprocessing = 0;
		};
		929187A42B7A637200C2DC5A /* Sources */ = {
			isa = PBXSourcesBuildPhase;
			buildActionMask = 2147483647;
			files = (
				929187AD2B7A637200C2DC5A /* DessertsTests.swift in Sources */,
			);
			runOnlyForDeploymentPostprocessing = 0;
		};
		929187AE2B7A637300C2DC5A /* Sources */ = {
			isa = PBXSourcesBuildPhase;
			buildActionMask = 2147483647;
			files = (
				929187B92B7A637300C2DC5A /* DessertsUITestsLaunchTests.swift in Sources */,
				924C4FDE2B7BE6CD00E80A43 /* DessertsListViewUITest.swift in Sources */,
				924C4FE02B7BEEB000E80A43 /* DessertDetailView.swift in Sources */,
				929187B72B7A637300C2DC5A /* DessertsUITests.swift in Sources */,
			);
			runOnlyForDeploymentPostprocessing = 0;
		};
/* End PBXSourcesBuildPhase section */

/* Begin PBXTargetDependency section */
		929187AA2B7A637200C2DC5A /* PBXTargetDependency */ = {
			isa = PBXTargetDependency;
			target = 929187972B7A637100C2DC5A /* Desserts */;
			targetProxy = 929187A92B7A637200C2DC5A /* PBXContainerItemProxy */;
		};
		929187B42B7A637300C2DC5A /* PBXTargetDependency */ = {
			isa = PBXTargetDependency;
			target = 929187972B7A637100C2DC5A /* Desserts */;
			targetProxy = 929187B32B7A637300C2DC5A /* PBXContainerItemProxy */;
		};
/* End PBXTargetDependency section */

/* Begin XCBuildConfiguration section */
		929187BA2B7A637300C2DC5A /* Debug */ = {
			isa = XCBuildConfiguration;
			buildSettings = {
				ALWAYS_SEARCH_USER_PATHS = NO;
				ASSETCATALOG_COMPILER_GENERATE_SWIFT_ASSET_SYMBOL_EXTENSIONS = YES;
				CLANG_ANALYZER_NONNULL = YES;
				CLANG_ANALYZER_NUMBER_OBJECT_CONVERSION = YES_AGGRESSIVE;
				CLANG_CXX_LANGUAGE_STANDARD = "gnu++20";
				CLANG_ENABLE_MODULES = YES;
				CLANG_ENABLE_OBJC_ARC = YES;
				CLANG_ENABLE_OBJC_WEAK = YES;
				CLANG_WARN_BLOCK_CAPTURE_AUTORELEASING = YES;
				CLANG_WARN_BOOL_CONVERSION = YES;
				CLANG_WARN_COMMA = YES;
				CLANG_WARN_CONSTANT_CONVERSION = YES;
				CLANG_WARN_DEPRECATED_OBJC_IMPLEMENTATIONS = YES;
				CLANG_WARN_DIRECT_OBJC_ISA_USAGE = YES_ERROR;
				CLANG_WARN_DOCUMENTATION_COMMENTS = YES;
				CLANG_WARN_EMPTY_BODY = YES;
				CLANG_WARN_ENUM_CONVERSION = YES;
				CLANG_WARN_INFINITE_RECURSION = YES;
				CLANG_WARN_INT_CONVERSION = YES;
				CLANG_WARN_NON_LITERAL_NULL_CONVERSION = YES;
				CLANG_WARN_OBJC_IMPLICIT_RETAIN_SELF = YES;
				CLANG_WARN_OBJC_LITERAL_CONVERSION = YES;
				CLANG_WARN_OBJC_ROOT_CLASS = YES_ERROR;
				CLANG_WARN_QUOTED_INCLUDE_IN_FRAMEWORK_HEADER = YES;
				CLANG_WARN_RANGE_LOOP_ANALYSIS = YES;
				CLANG_WARN_STRICT_PROTOTYPES = YES;
				CLANG_WARN_SUSPICIOUS_MOVE = YES;
				CLANG_WARN_UNGUARDED_AVAILABILITY = YES_AGGRESSIVE;
				CLANG_WARN_UNREACHABLE_CODE = YES;
				CLANG_WARN__DUPLICATE_METHOD_MATCH = YES;
				COPY_PHASE_STRIP = NO;
				DEBUG_INFORMATION_FORMAT = dwarf;
				ENABLE_STRICT_OBJC_MSGSEND = YES;
				ENABLE_TESTABILITY = YES;
				ENABLE_USER_SCRIPT_SANDBOXING = YES;
				GCC_C_LANGUAGE_STANDARD = gnu17;
				GCC_DYNAMIC_NO_PIC = NO;
				GCC_NO_COMMON_BLOCKS = YES;
				GCC_OPTIMIZATION_LEVEL = 0;
				GCC_PREPROCESSOR_DEFINITIONS = (
					"DEBUG=1",
					"$(inherited)",
				);
				GCC_WARN_64_TO_32_BIT_CONVERSION = YES;
				GCC_WARN_ABOUT_RETURN_TYPE = YES_ERROR;
				GCC_WARN_UNDECLARED_SELECTOR = YES;
				GCC_WARN_UNINITIALIZED_AUTOS = YES_AGGRESSIVE;
				GCC_WARN_UNUSED_FUNCTION = YES;
				GCC_WARN_UNUSED_VARIABLE = YES;
				IPHONEOS_DEPLOYMENT_TARGET = 17.2;
				LOCALIZATION_PREFERS_STRING_CATALOGS = YES;
				MTL_ENABLE_DEBUG_INFO = INCLUDE_SOURCE;
				MTL_FAST_MATH = YES;
				ONLY_ACTIVE_ARCH = YES;
				SDKROOT = iphoneos;
				SWIFT_ACTIVE_COMPILATION_CONDITIONS = "DEBUG $(inherited)";
				SWIFT_OPTIMIZATION_LEVEL = "-Onone";
			};
			name = Debug;
		};
		929187BB2B7A637300C2DC5A /* Release */ = {
			isa = XCBuildConfiguration;
			buildSettings = {
				ALWAYS_SEARCH_USER_PATHS = NO;
				ASSETCATALOG_COMPILER_GENERATE_SWIFT_ASSET_SYMBOL_EXTENSIONS = YES;
				CLANG_ANALYZER_NONNULL = YES;
				CLANG_ANALYZER_NUMBER_OBJECT_CONVERSION = YES_AGGRESSIVE;
				CLANG_CXX_LANGUAGE_STANDARD = "gnu++20";
				CLANG_ENABLE_MODULES = YES;
				CLANG_ENABLE_OBJC_ARC = YES;
				CLANG_ENABLE_OBJC_WEAK = YES;
				CLANG_WARN_BLOCK_CAPTURE_AUTORELEASING = YES;
				CLANG_WARN_BOOL_CONVERSION = YES;
				CLANG_WARN_COMMA = YES;
				CLANG_WARN_CONSTANT_CONVERSION = YES;
				CLANG_WARN_DEPRECATED_OBJC_IMPLEMENTATIONS = YES;
				CLANG_WARN_DIRECT_OBJC_ISA_USAGE = YES_ERROR;
				CLANG_WARN_DOCUMENTATION_COMMENTS = YES;
				CLANG_WARN_EMPTY_BODY = YES;
				CLANG_WARN_ENUM_CONVERSION = YES;
				CLANG_WARN_INFINITE_RECURSION = YES;
				CLANG_WARN_INT_CONVERSION = YES;
				CLANG_WARN_NON_LITERAL_NULL_CONVERSION = YES;
				CLANG_WARN_OBJC_IMPLICIT_RETAIN_SELF = YES;
				CLANG_WARN_OBJC_LITERAL_CONVERSION = YES;
				CLANG_WARN_OBJC_ROOT_CLASS = YES_ERROR;
				CLANG_WARN_QUOTED_INCLUDE_IN_FRAMEWORK_HEADER = YES;
				CLANG_WARN_RANGE_LOOP_ANALYSIS = YES;
				CLANG_WARN_STRICT_PROTOTYPES = YES;
				CLANG_WARN_SUSPICIOUS_MOVE = YES;
				CLANG_WARN_UNGUARDED_AVAILABILITY = YES_AGGRESSIVE;
				CLANG_WARN_UNREACHABLE_CODE = YES;
				CLANG_WARN__DUPLICATE_METHOD_MATCH = YES;
				COPY_PHASE_STRIP = NO;
				DEBUG_INFORMATION_FORMAT = "dwarf-with-dsym";
				ENABLE_NS_ASSERTIONS = NO;
				ENABLE_STRICT_OBJC_MSGSEND = YES;
				ENABLE_USER_SCRIPT_SANDBOXING = YES;
				GCC_C_LANGUAGE_STANDARD = gnu17;
				GCC_NO_COMMON_BLOCKS = YES;
				GCC_WARN_64_TO_32_BIT_CONVERSION = YES;
				GCC_WARN_ABOUT_RETURN_TYPE = YES_ERROR;
				GCC_WARN_UNDECLARED_SELECTOR = YES;
				GCC_WARN_UNINITIALIZED_AUTOS = YES_AGGRESSIVE;
				GCC_WARN_UNUSED_FUNCTION = YES;
				GCC_WARN_UNUSED_VARIABLE = YES;
				IPHONEOS_DEPLOYMENT_TARGET = 17.2;
				LOCALIZATION_PREFERS_STRING_CATALOGS = YES;
				MTL_ENABLE_DEBUG_INFO = NO;
				MTL_FAST_MATH = YES;
				SDKROOT = iphoneos;
				SWIFT_COMPILATION_MODE = wholemodule;
				VALIDATE_PRODUCT = YES;
			};
			name = Release;
		};
		929187BD2B7A637300C2DC5A /* Debug */ = {
			isa = XCBuildConfiguration;
			buildSettings = {
				ASSETCATALOG_COMPILER_APPICON_NAME = AppIcon;
				ASSETCATALOG_COMPILER_GLOBAL_ACCENT_COLOR_NAME = AccentColor;
				ASSETCATALOG_COMPILER_INCLUDE_ALL_APPICON_ASSETS = NO;
				CODE_SIGN_STYLE = Automatic;
				CURRENT_PROJECT_VERSION = 1;
				DEVELOPMENT_ASSET_PATHS = "\"Desserts/Preview Content\"";
				DEVELOPMENT_TEAM = SXN8KGHG35;
				ENABLE_PREVIEWS = YES;
				GENERATE_INFOPLIST_FILE = YES;
				INFOPLIST_KEY_UIApplicationSceneManifest_Generation = YES;
				INFOPLIST_KEY_UIApplicationSupportsIndirectInputEvents = YES;
				INFOPLIST_KEY_UILaunchScreen_Generation = YES;
				INFOPLIST_KEY_UISupportedInterfaceOrientations_iPad = "UIInterfaceOrientationPortrait UIInterfaceOrientationPortraitUpsideDown UIInterfaceOrientationLandscapeLeft UIInterfaceOrientationLandscapeRight";
				INFOPLIST_KEY_UISupportedInterfaceOrientations_iPhone = "UIInterfaceOrientationPortrait UIInterfaceOrientationLandscapeLeft UIInterfaceOrientationLandscapeRight";
				LD_RUNPATH_SEARCH_PATHS = (
					"$(inherited)",
					"@executable_path/Frameworks",
				);
				MARKETING_VERSION = 1.0;
				PRODUCT_BUNDLE_IDENTIFIER = co.fetchRewards.Desserts;
				PRODUCT_NAME = "$(TARGET_NAME)";
				SWIFT_EMIT_LOC_STRINGS = YES;
				SWIFT_VERSION = 5.0;
				TARGETED_DEVICE_FAMILY = "1,2";
			};
			name = Debug;
		};
		929187BE2B7A637300C2DC5A /* Release */ = {
			isa = XCBuildConfiguration;
			buildSettings = {
				ASSETCATALOG_COMPILER_APPICON_NAME = AppIcon;
				ASSETCATALOG_COMPILER_GLOBAL_ACCENT_COLOR_NAME = AccentColor;
				ASSETCATALOG_COMPILER_INCLUDE_ALL_APPICON_ASSETS = NO;
				CODE_SIGN_STYLE = Automatic;
				CURRENT_PROJECT_VERSION = 1;
				DEVELOPMENT_ASSET_PATHS = "\"Desserts/Preview Content\"";
				DEVELOPMENT_TEAM = SXN8KGHG35;
				ENABLE_PREVIEWS = YES;
				GENERATE_INFOPLIST_FILE = YES;
				INFOPLIST_KEY_UIApplicationSceneManifest_Generation = YES;
				INFOPLIST_KEY_UIApplicationSupportsIndirectInputEvents = YES;
				INFOPLIST_KEY_UILaunchScreen_Generation = YES;
				INFOPLIST_KEY_UISupportedInterfaceOrientations_iPad = "UIInterfaceOrientationPortrait UIInterfaceOrientationPortraitUpsideDown UIInterfaceOrientationLandscapeLeft UIInterfaceOrientationLandscapeRight";
				INFOPLIST_KEY_UISupportedInterfaceOrientations_iPhone = "UIInterfaceOrientationPortrait UIInterfaceOrientationLandscapeLeft UIInterfaceOrientationLandscapeRight";
				LD_RUNPATH_SEARCH_PATHS = (
					"$(inherited)",
					"@executable_path/Frameworks",
				);
				MARKETING_VERSION = 1.0;
				PRODUCT_BUNDLE_IDENTIFIER = co.fetchRewards.Desserts;
				PRODUCT_NAME = "$(TARGET_NAME)";
				SWIFT_EMIT_LOC_STRINGS = YES;
				SWIFT_VERSION = 5.0;
				TARGETED_DEVICE_FAMILY = "1,2";
			};
			name = Release;
		};
		929187C02B7A637300C2DC5A /* Debug */ = {
			isa = XCBuildConfiguration;
			buildSettings = {
				ALWAYS_EMBED_SWIFT_STANDARD_LIBRARIES = YES;
				BUNDLE_LOADER = "$(TEST_HOST)";
				CODE_SIGN_STYLE = Automatic;
				CURRENT_PROJECT_VERSION = 1;
				GENERATE_INFOPLIST_FILE = YES;
				IPHONEOS_DEPLOYMENT_TARGET = 17.2;
				MARKETING_VERSION = 1.0;
				PRODUCT_BUNDLE_IDENTIFIER = co.fetchRewards.DessertsTests;
				PRODUCT_NAME = "$(TARGET_NAME)";
				SWIFT_EMIT_LOC_STRINGS = NO;
				SWIFT_VERSION = 5.0;
				TARGETED_DEVICE_FAMILY = "1,2";
				TEST_HOST = "$(BUILT_PRODUCTS_DIR)/Desserts.app/$(BUNDLE_EXECUTABLE_FOLDER_PATH)/Desserts";
			};
			name = Debug;
		};
		929187C12B7A637300C2DC5A /* Release */ = {
			isa = XCBuildConfiguration;
			buildSettings = {
				ALWAYS_EMBED_SWIFT_STANDARD_LIBRARIES = YES;
				BUNDLE_LOADER = "$(TEST_HOST)";
				CODE_SIGN_STYLE = Automatic;
				CURRENT_PROJECT_VERSION = 1;
				GENERATE_INFOPLIST_FILE = YES;
				IPHONEOS_DEPLOYMENT_TARGET = 17.2;
				MARKETING_VERSION = 1.0;
				PRODUCT_BUNDLE_IDENTIFIER = co.fetchRewards.DessertsTests;
				PRODUCT_NAME = "$(TARGET_NAME)";
				SWIFT_EMIT_LOC_STRINGS = NO;
				SWIFT_VERSION = 5.0;
				TARGETED_DEVICE_FAMILY = "1,2";
				TEST_HOST = "$(BUILT_PRODUCTS_DIR)/Desserts.app/$(BUNDLE_EXECUTABLE_FOLDER_PATH)/Desserts";
			};
			name = Release;
		};
		929187C32B7A637300C2DC5A /* Debug */ = {
			isa = XCBuildConfiguration;
			buildSettings = {
				ALWAYS_EMBED_SWIFT_STANDARD_LIBRARIES = YES;
				CODE_SIGN_STYLE = Automatic;
				CURRENT_PROJECT_VERSION = 1;
				GENERATE_INFOPLIST_FILE = YES;
				MARKETING_VERSION = 1.0;
				PRODUCT_BUNDLE_IDENTIFIER = co.fetchRewards.DessertsUITests;
				PRODUCT_NAME = "$(TARGET_NAME)";
				SWIFT_EMIT_LOC_STRINGS = NO;
				SWIFT_VERSION = 5.0;
				TARGETED_DEVICE_FAMILY = "1,2";
				TEST_TARGET_NAME = Desserts;
			};
			name = Debug;
		};
		929187C42B7A637300C2DC5A /* Release */ = {
			isa = XCBuildConfiguration;
			buildSettings = {
				ALWAYS_EMBED_SWIFT_STANDARD_LIBRARIES = YES;
				CODE_SIGN_STYLE = Automatic;
				CURRENT_PROJECT_VERSION = 1;
				GENERATE_INFOPLIST_FILE = YES;
				MARKETING_VERSION = 1.0;
				PRODUCT_BUNDLE_IDENTIFIER = co.fetchRewards.DessertsUITests;
				PRODUCT_NAME = "$(TARGET_NAME)";
				SWIFT_EMIT_LOC_STRINGS = NO;
				SWIFT_VERSION = 5.0;
				TARGETED_DEVICE_FAMILY = "1,2";
				TEST_TARGET_NAME = Desserts;
			};
			name = Release;
		};
/* End XCBuildConfiguration section */

/* Begin XCConfigurationList section */
		929187932B7A637100C2DC5A /* Build configuration list for PBXProject "Desserts" */ = {
			isa = XCConfigurationList;
			buildConfigurations = (
				929187BA2B7A637300C2DC5A /* Debug */,
				929187BB2B7A637300C2DC5A /* Release */,
			);
			defaultConfigurationIsVisible = 0;
			defaultConfigurationName = Release;
		};
		929187BC2B7A637300C2DC5A /* Build configuration list for PBXNativeTarget "Desserts" */ = {
			isa = XCConfigurationList;
			buildConfigurations = (
				929187BD2B7A637300C2DC5A /* Debug */,
				929187BE2B7A637300C2DC5A /* Release */,
			);
			defaultConfigurationIsVisible = 0;
			defaultConfigurationName = Release;
		};
		929187BF2B7A637300C2DC5A /* Build configuration list for PBXNativeTarget "DessertsTests" */ = {
			isa = XCConfigurationList;
			buildConfigurations = (
				929187C02B7A637300C2DC5A /* Debug */,
				929187C12B7A637300C2DC5A /* Release */,
			);
			defaultConfigurationIsVisible = 0;
			defaultConfigurationName = Release;
		};
		929187C22B7A637300C2DC5A /* Build configuration list for PBXNativeTarget "DessertsUITests" */ = {
			isa = XCConfigurationList;
			buildConfigurations = (
				929187C32B7A637300C2DC5A /* Debug */,
				929187C42B7A637300C2DC5A /* Release */,
			);
			defaultConfigurationIsVisible = 0;
			defaultConfigurationName = Release;
		};
/* End XCConfigurationList section */
	};
	rootObject = 929187902B7A637100C2DC5A /* Project object */;
}
